
Microsoft Visual Studio Solution File, Format Version 12.00
# Visual Studio Version 16
VisualStudioVersion = 16.0.30225.117
MinimumVisualStudioVersion = 10.0.40219.1
Project("{9A19103F-16F7-4668-BE54-9A1E7A4F7556}") = "MyChatApp.Server", "MyChatApp\Server\MyChatApp.Server.csproj", "{5C665B02-7627-45BB-B660-11EB667D67F8}"
EndProject
Project("{9A19103F-16F7-4668-BE54-9A1E7A4F7556}") = "MyChatApp.Client", "MyChatApp\Client\MyChatApp.Client.csproj", "{31D05F14-E0D0-4DE9-9D0A-0E1F0CDD0558}"
EndProject
Project("{9A19103F-16F7-4668-BE54-9A1E7A4F7556}") = "MyChatApp.Shared", "MyChatApp\Shared\MyChatApp.Shared.csproj", "{80963A9B-D985-4A17-BAF3-2DBD258F4BDF}"
EndProject
Global
	GlobalSection(SolutionConfigurationPlatforms) = preSolution
		Debug|Any CPU = Debug|Any CPU
		Release|Any CPU = Release|Any CPU
	EndGlobalSection
	GlobalSection(ProjectConfigurationPlatforms) = postSolution
		{5C665B02-7627-45BB-B660-11EB667D67F8}.Debug|Any CPU.ActiveCfg = Debug|Any CPU
		{5C665B02-7627-45BB-B660-11EB667D67F8}.Debug|Any CPU.Build.0 = Debug|Any CPU
		{5C665B02-7627-45BB-B660-11EB667D67F8}.Release|Any CPU.ActiveCfg = Release|Any CPU
		{5C665B02-7627-45BB-B660-11EB667D67F8}.Release|Any CPU.Build.0 = Release|Any CPU
		{31D05F14-E0D0-4DE9-9D0A-0E1F0CDD0558}.Debug|Any CPU.ActiveCfg = Debug|Any CPU
		{31D05F14-E0D0-4DE9-9D0A-0E1F0CDD0558}.Debug|Any CPU.Build.0 = Debug|Any CPU
		{31D05F14-E0D0-4DE9-9D0A-0E1F0CDD0558}.Release|Any CPU.ActiveCfg = Release|Any CPU
		{31D05F14-E0D0-4DE9-9D0A-0E1F0CDD0558}.Release|Any CPU.Build.0 = Release|Any CPU
		{80963A9B-D985-4A17-BAF3-2DBD258F4BDF}.Debug|Any CPU.ActiveCfg = Debug|Any CPU
		{80963A9B-D985-4A17-BAF3-2DBD258F4BDF}.Debug|Any CPU.Build.0 = Debug|Any CPU
		{80963A9B-D985-4A17-BAF3-2DBD258F4BDF}.Release|Any CPU.ActiveCfg = Release|Any CPU
		{80963A9B-D985-4A17-BAF3-2DBD258F4BDF}.Release|Any CPU.Build.0 = Release|Any CPU
	EndGlobalSection
	GlobalSection(SolutionProperties) = preSolution
		HideSolutionNode = FALSE
	EndGlobalSection
	GlobalSection(ExtensibilityGlobals) = postSolution
		SolutionGuid = {D86043A1-7479-44BC-A8D3-22B9620FE2B8}
	EndGlobalSection
EndGlobal
